<?xml version="1.0" encoding="utf-8"?>
<Project ToolsVersion="4.0" xmlns="http://schemas.microsoft.com/developer/msbuild/2003">
  <ItemGroup>
    <Filter Include="源文件">
      <UniqueIdentifier>{4FC737F1-C7A5-4376-A066-2A32D752A2FF}</UniqueIdentifier>
      <Extensions>cpp;c;cc;cxx;def;odl;idl;hpj;bat;asm;asmx</Extensions>
    </Filter>
    <Filter Include="头文件">
      <UniqueIdentifier>{93995380-89BD-4b04-88EB-625FBE52EBFB}</UniqueIdentifier>
      <Extensions>h;hpp;hxx;hm;inl;inc;xsd</Extensions>
    </Filter>
    <Filter Include="资源文件">
      <UniqueIdentifier>{67DA6AB6-F800-4c08-8B7A-83BB121AAD01}</UniqueIdentifier>
      <Extensions>rc;ico;cur;bmp;dlg;rc2;rct;bin;rgs;gif;jpg;jpeg;jpe;resx;tiff;tif;png;wav;mfcribbon-ms</Extensions>
    </Filter>
    <Filter Include="源文件\zwMiraclMini">
      <UniqueIdentifier>{74bf4b55-63f6-467b-bdfa-73f6481cbdb4}</UniqueIdentifier>
    </Filter>
  </ItemGroup>
  <ItemGroup>
    <None Include="ReadMe.txt" />
  </ItemGroup>
  <ItemGroup>
    <ClInclude Include="stdafx.h">
      <Filter>头文件</Filter>
    </ClInclude>
    <ClInclude Include="targetver.h">
      <Filter>头文件</Filter>
    </ClInclude>
  </ItemGroup>
  <ItemGroup>
    <ClCompile Include="stdafx.cpp">
      <Filter>源文件</Filter>
    </ClCompile>
    <ClCompile Include="ccbTest702.cpp">
      <Filter>源文件</Filter>
    </ClCompile>
    <ClCompile Include="zwTestCode703.cpp">
      <Filter>源文件</Filter>
    </ClCompile>
    <ClCompile Include="gtestccb702.cpp">
      <Filter>源文件</Filter>
    </ClCompile>
    <ClCompile Include="gtestLmsHid20141212.cpp">
      <Filter>源文件</Filter>
    </ClCompile>
    <ClCompile Include="..\jclmsCCB2014\zwECIES\zwEcies529.cpp">
      <Filter>源文件</Filter>
    </ClCompile>
    <ClCompile Include="..\stm32Test2\zwMiracl\mraes.c">
      <Filter>源文件\zwMiraclMini</Filter>
    </ClCompile>
    <ClCompile Include="..\stm32Test2\zwMiracl\mralloc.c">
      <Filter>源文件\zwMiraclMini</Filter>
    </ClCompile>
    <ClCompile Include="..\stm32Test2\zwMiracl\mrarth0.c">
      <Filter>源文件\zwMiraclMini</Filter>
    </ClCompile>
    <ClCompile Include="..\stm32Test2\zwMiracl\mrarth1.c">
      <Filter>源文件\zwMiraclMini</Filter>
    </ClCompile>
    <ClCompile Include="..\stm32Test2\zwMiracl\mrarth2.c">
      <Filter>源文件\zwMiraclMini</Filter>
    </ClCompile>
    <ClCompile Include="..\stm32Test2\zwMiracl\mrarth3.c">
      <Filter>源文件\zwMiraclMini</Filter>
    </ClCompile>
    <ClCompile Include="..\stm32Test2\zwMiracl\mrbits.c">
      <Filter>源文件\zwMiraclMini</Filter>
    </ClCompile>
    <ClCompile Include="..\stm32Test2\zwMiracl\mrcore.c">
      <Filter>源文件\zwMiraclMini</Filter>
    </ClCompile>
    <ClCompile Include="..\stm32Test2\zwMiracl\mrcurve.c">
      <Filter>源文件\zwMiraclMini</Filter>
    </ClCompile>
    <ClCompile Include="..\stm32Test2\zwMiracl\mrjack.c">
      <Filter>源文件\zwMiraclMini</Filter>
    </ClCompile>
    <ClCompile Include="..\stm32Test2\zwMiracl\mrlucas.c">
      <Filter>源文件\zwMiraclMini</Filter>
    </ClCompile>
    <ClCompile Include="..\stm32Test2\zwMiracl\mrmonty.c">
      <Filter>源文件\zwMiraclMini</Filter>
    </ClCompile>
    <ClCompile Include="..\stm32Test2\zwMiracl\mrshs256.c">
      <Filter>源文件\zwMiraclMini</Filter>
    </ClCompile>
    <ClCompile Include="..\stm32Test2\zwMiracl\mrsroot.c">
      <Filter>源文件\zwMiraclMini</Filter>
    </ClCompile>
    <ClCompile Include="..\stm32Test2\zwMiracl\mrstrong.c">
      <Filter>源文件\zwMiraclMini</Filter>
    </ClCompile>
    <ClCompile Include="..\stm32Test2\zwMiracl\mrxgcd.c">
      <Filter>源文件\zwMiraclMini</Filter>
    </ClCompile>
  </ItemGroup>
</Project>