
Microsoft Visual Studio Solution File, Format Version 11.00
# Visual Studio 2010
Project("{8BC9CEB8-8B4A-11D0-8D11-00A0C91BC942}") = "jclmsCCB2014", "jclmsCCB2014\jclmsCCB2014.vcxproj", "{A062E85F-C9C1-487D-836A-AED01FA97314}"
EndProject
Project("{8BC9CEB8-8B4A-11D0-8D11-00A0C91BC942}") = "ccbTest702", "ccbTest702\ccbTest702.vcxproj", "{7C4BED7C-B62E-45FC-B704-8877A98EBC7B}"
	ProjectSection(ProjectDependencies) = postProject
		{A062E85F-C9C1-487D-836A-AED01FA97314} = {A062E85F-C9C1-487D-836A-AED01FA97314}
	EndProjectSection
EndProject
Project("{FAE04EC0-301F-11D3-BF4B-00C04F79EFBC}") = "cstest702", "cstest702\cstest702.csproj", "{455FD38A-8C9B-4D04-980C-D531D4879E55}"
EndProject
Project("{FAE04EC0-301F-11D3-BF4B-00C04F79EFBC}") = "jclmsCCBcsLib", "jclmsCCBcsLib\jclmsCCBcsLib.csproj", "{6C9B957B-8742-41B1-BE1B-3E80F9B18583}"
EndProject
Project("{8BC9CEB8-8B4A-11D0-8D11-00A0C91BC942}") = "eccRomMaker", "eccRomMaker\eccRomMaker.vcxproj", "{FA1AD826-BA25-45CE-AF19-C27A79C424F7}"
EndProject
Project("{8BC9CEB8-8B4A-11D0-8D11-00A0C91BC942}") = "MIRACL2014", "..\..\zwWorkLibs\MIRACL2014\MIRACL2014\MIRACL2014.vcxproj", "{2360FD43-07EE-448A-8C96-B9E5D6DCC737}"
EndProject
Global
	GlobalSection(SolutionConfigurationPlatforms) = preSolution
		Debug|Any CPU = Debug|Any CPU
		Debug|Mixed Platforms = Debug|Mixed Platforms
		Debug|Win32 = Debug|Win32
		Debug|x86 = Debug|x86
		Release|Any CPU = Release|Any CPU
		Release|Mixed Platforms = Release|Mixed Platforms
		Release|Win32 = Release|Win32
		Release|x86 = Release|x86
	EndGlobalSection
	GlobalSection(ProjectConfigurationPlatforms) = postSolution
		{A062E85F-C9C1-487D-836A-AED01FA97314}.Debug|Any CPU.ActiveCfg = Debug|Win32
		{A062E85F-C9C1-487D-836A-AED01FA97314}.Debug|Mixed Platforms.ActiveCfg = Debug|Win32
		{A062E85F-C9C1-487D-836A-AED01FA97314}.Debug|Mixed Platforms.Build.0 = Debug|Win32
		{A062E85F-C9C1-487D-836A-AED01FA97314}.Debug|Win32.ActiveCfg = Debug|Win32
		{A062E85F-C9C1-487D-836A-AED01FA97314}.Debug|Win32.Build.0 = Debug|Win32
		{A062E85F-C9C1-487D-836A-AED01FA97314}.Debug|x86.ActiveCfg = Debug|Win32
		{A062E85F-C9C1-487D-836A-AED01FA97314}.Release|Any CPU.ActiveCfg = Release|Win32
		{A062E85F-C9C1-487D-836A-AED01FA97314}.Release|Mixed Platforms.ActiveCfg = Release|Win32
		{A062E85F-C9C1-487D-836A-AED01FA97314}.Release|Mixed Platforms.Build.0 = Release|Win32
		{A062E85F-C9C1-487D-836A-AED01FA97314}.Release|Win32.ActiveCfg = Release|Win32
		{A062E85F-C9C1-487D-836A-AED01FA97314}.Release|Win32.Build.0 = Release|Win32
		{A062E85F-C9C1-487D-836A-AED01FA97314}.Release|x86.ActiveCfg = Release|Win32
		{7C4BED7C-B62E-45FC-B704-8877A98EBC7B}.Debug|Any CPU.ActiveCfg = Debug|Win32
		{7C4BED7C-B62E-45FC-B704-8877A98EBC7B}.Debug|Mixed Platforms.ActiveCfg = Debug|Win32
		{7C4BED7C-B62E-45FC-B704-8877A98EBC7B}.Debug|Mixed Platforms.Build.0 = Debug|Win32
		{7C4BED7C-B62E-45FC-B704-8877A98EBC7B}.Debug|Win32.ActiveCfg = Debug|Win32
		{7C4BED7C-B62E-45FC-B704-8877A98EBC7B}.Debug|Win32.Build.0 = Debug|Win32
		{7C4BED7C-B62E-45FC-B704-8877A98EBC7B}.Debug|x86.ActiveCfg = Debug|Win32
		{7C4BED7C-B62E-45FC-B704-8877A98EBC7B}.Release|Any CPU.ActiveCfg = Release|Win32
		{7C4BED7C-B62E-45FC-B704-8877A98EBC7B}.Release|Mixed Platforms.ActiveCfg = Release|Win32
		{7C4BED7C-B62E-45FC-B704-8877A98EBC7B}.Release|Mixed Platforms.Build.0 = Release|Win32
		{7C4BED7C-B62E-45FC-B704-8877A98EBC7B}.Release|Win32.ActiveCfg = Release|Win32
		{7C4BED7C-B62E-45FC-B704-8877A98EBC7B}.Release|Win32.Build.0 = Release|Win32
		{7C4BED7C-B62E-45FC-B704-8877A98EBC7B}.Release|x86.ActiveCfg = Release|Win32
		{455FD38A-8C9B-4D04-980C-D531D4879E55}.Debug|Any CPU.ActiveCfg = Debug|x86
		{455FD38A-8C9B-4D04-980C-D531D4879E55}.Debug|Mixed Platforms.ActiveCfg = Debug|x86
		{455FD38A-8C9B-4D04-980C-D531D4879E55}.Debug|Mixed Platforms.Build.0 = Debug|x86
		{455FD38A-8C9B-4D04-980C-D531D4879E55}.Debug|Win32.ActiveCfg = Debug|x86
		{455FD38A-8C9B-4D04-980C-D531D4879E55}.Debug|x86.ActiveCfg = Debug|x86
		{455FD38A-8C9B-4D04-980C-D531D4879E55}.Debug|x86.Build.0 = Debug|x86
		{455FD38A-8C9B-4D04-980C-D531D4879E55}.Release|Any CPU.ActiveCfg = Release|x86
		{455FD38A-8C9B-4D04-980C-D531D4879E55}.Release|Mixed Platforms.ActiveCfg = Release|x86
		{455FD38A-8C9B-4D04-980C-D531D4879E55}.Release|Mixed Platforms.Build.0 = Release|x86
		{455FD38A-8C9B-4D04-980C-D531D4879E55}.Release|Win32.ActiveCfg = Release|x86
		{455FD38A-8C9B-4D04-980C-D531D4879E55}.Release|x86.ActiveCfg = Release|x86
		{455FD38A-8C9B-4D04-980C-D531D4879E55}.Release|x86.Build.0 = Release|x86
		{6C9B957B-8742-41B1-BE1B-3E80F9B18583}.Debug|Any CPU.ActiveCfg = Debug|Any CPU
		{6C9B957B-8742-41B1-BE1B-3E80F9B18583}.Debug|Any CPU.Build.0 = Debug|Any CPU
		{6C9B957B-8742-41B1-BE1B-3E80F9B18583}.Debug|Mixed Platforms.ActiveCfg = Debug|Any CPU
		{6C9B957B-8742-41B1-BE1B-3E80F9B18583}.Debug|Mixed Platforms.Build.0 = Debug|Any CPU
		{6C9B957B-8742-41B1-BE1B-3E80F9B18583}.Debug|Win32.ActiveCfg = Debug|Any CPU
		{6C9B957B-8742-41B1-BE1B-3E80F9B18583}.Debug|x86.ActiveCfg = Debug|Any CPU
		{6C9B957B-8742-41B1-BE1B-3E80F9B18583}.Release|Any CPU.ActiveCfg = Release|Any CPU
		{6C9B957B-8742-41B1-BE1B-3E80F9B18583}.Release|Any CPU.Build.0 = Release|Any CPU
		{6C9B957B-8742-41B1-BE1B-3E80F9B18583}.Release|Mixed Platforms.ActiveCfg = Release|Any CPU
		{6C9B957B-8742-41B1-BE1B-3E80F9B18583}.Release|Mixed Platforms.Build.0 = Release|Any CPU
		{6C9B957B-8742-41B1-BE1B-3E80F9B18583}.Release|Win32.ActiveCfg = Release|Any CPU
		{6C9B957B-8742-41B1-BE1B-3E80F9B18583}.Release|x86.ActiveCfg = Release|Any CPU
		{FA1AD826-BA25-45CE-AF19-C27A79C424F7}.Debug|Any CPU.ActiveCfg = Debug|Win32
		{FA1AD826-BA25-45CE-AF19-C27A79C424F7}.Debug|Mixed Platforms.ActiveCfg = Debug|Win32
		{FA1AD826-BA25-45CE-AF19-C27A79C424F7}.Debug|Mixed Platforms.Build.0 = Debug|Win32
		{FA1AD826-BA25-45CE-AF19-C27A79C424F7}.Debug|Win32.ActiveCfg = Debug|Win32
		{FA1AD826-BA25-45CE-AF19-C27A79C424F7}.Debug|Win32.Build.0 = Debug|Win32
		{FA1AD826-BA25-45CE-AF19-C27A79C424F7}.Debug|x86.ActiveCfg = Debug|Win32
		{FA1AD826-BA25-45CE-AF19-C27A79C424F7}.Release|Any CPU.ActiveCfg = Release|Win32
		{FA1AD826-BA25-45CE-AF19-C27A79C424F7}.Release|Mixed Platforms.ActiveCfg = Release|Win32
		{FA1AD826-BA25-45CE-AF19-C27A79C424F7}.Release|Mixed Platforms.Build.0 = Release|Win32
		{FA1AD826-BA25-45CE-AF19-C27A79C424F7}.Release|Win32.ActiveCfg = Release|Win32
		{FA1AD826-BA25-45CE-AF19-C27A79C424F7}.Release|Win32.Build.0 = Release|Win32
		{FA1AD826-BA25-45CE-AF19-C27A79C424F7}.Release|x86.ActiveCfg = Release|Win32
		{2360FD43-07EE-448A-8C96-B9E5D6DCC737}.Debug|Any CPU.ActiveCfg = Debug|Win32
		{2360FD43-07EE-448A-8C96-B9E5D6DCC737}.Debug|Mixed Platforms.ActiveCfg = Debug|Win32
		{2360FD43-07EE-448A-8C96-B9E5D6DCC737}.Debug|Mixed Platforms.Build.0 = Debug|Win32
		{2360FD43-07EE-448A-8C96-B9E5D6DCC737}.Debug|Win32.ActiveCfg = Debug|Win32
		{2360FD43-07EE-448A-8C96-B9E5D6DCC737}.Debug|Win32.Build.0 = Debug|Win32
		{2360FD43-07EE-448A-8C96-B9E5D6DCC737}.Debug|x86.ActiveCfg = Debug|Win32
		{2360FD43-07EE-448A-8C96-B9E5D6DCC737}.Release|Any CPU.ActiveCfg = Release|Win32
		{2360FD43-07EE-448A-8C96-B9E5D6DCC737}.Release|Mixed Platforms.ActiveCfg = Release|Win32
		{2360FD43-07EE-448A-8C96-B9E5D6DCC737}.Release|Mixed Platforms.Build.0 = Release|Win32
		{2360FD43-07EE-448A-8C96-B9E5D6DCC737}.Release|Win32.ActiveCfg = Release|Win32
		{2360FD43-07EE-448A-8C96-B9E5D6DCC737}.Release|Win32.Build.0 = Release|Win32
		{2360FD43-07EE-448A-8C96-B9E5D6DCC737}.Release|x86.ActiveCfg = Release|Win32
	EndGlobalSection
	GlobalSection(SolutionProperties) = preSolution
		HideSolutionNode = FALSE
	EndGlobalSection
EndGlobal
