<?xml version="1.0" encoding="utf-8"?>
<Project ToolsVersion="4.0" xmlns="http://schemas.microsoft.com/developer/msbuild/2003">
  <ItemGroup>
    <Filter Include="源文件">
      <UniqueIdentifier>{4FC737F1-C7A5-4376-A066-2A32D752A2FF}</UniqueIdentifier>
      <Extensions>cpp;c;cc;cxx;def;odl;idl;hpj;bat;asm;asmx</Extensions>
    </Filter>
    <Filter Include="头文件">
      <UniqueIdentifier>{93995380-89BD-4b04-88EB-625FBE52EBFB}</UniqueIdentifier>
      <Extensions>h;hpp;hxx;hm;inl;inc;xsd</Extensions>
    </Filter>
    <Filter Include="资源文件">
      <UniqueIdentifier>{67DA6AB6-F800-4c08-8B7A-83BB121AAD01}</UniqueIdentifier>
      <Extensions>rc;ico;cur;bmp;dlg;rc2;rct;bin;rgs;gif;jpg;jpeg;jpe;resx;tiff;tif;png;wav;mfcribbon-ms</Extensions>
    </Filter>
    <Filter Include="源文件\hashalg">
      <UniqueIdentifier>{88aef7c4-5779-4511-a1dc-c065a15ae8cc}</UniqueIdentifier>
    </Filter>
    <Filter Include="源文件\ECIES">
      <UniqueIdentifier>{08dad2fa-5f52-4ee9-90a7-1e3462674d96}</UniqueIdentifier>
    </Filter>
    <Filter Include="源文件\dyCode">
      <UniqueIdentifier>{af4acb87-fe62-4287-a98d-65ed9b6e869d}</UniqueIdentifier>
    </Filter>
    <Filter Include="源文件\secBox">
      <UniqueIdentifier>{4dc8405c-bfcf-4525-bbe9-f36c6db9c1cb}</UniqueIdentifier>
    </Filter>
    <Filter Include="源文件\zwMiraclMini">
      <UniqueIdentifier>{95475d9d-462e-4885-8c5c-9b9f90518dcc}</UniqueIdentifier>
    </Filter>
    <Filter Include="源文件\Libs">
      <UniqueIdentifier>{65922014-8a29-4f56-9c04-e25c270d9292}</UniqueIdentifier>
    </Filter>
  </ItemGroup>
  <ItemGroup>
    <None Include="ReadMe.txt" />
    <None Include="jclmsCCB2014.def">
      <Filter>源文件</Filter>
    </None>
    <None Include="ClassDiagram1.cd" />
  </ItemGroup>
  <ItemGroup>
    <ClInclude Include="stdafx.h">
      <Filter>头文件</Filter>
    </ClInclude>
    <ClInclude Include="targetver.h">
      <Filter>头文件</Filter>
    </ClInclude>
    <ClInclude Include="src\jclmsCCB2014.h">
      <Filter>头文件</Filter>
    </ClInclude>
  </ItemGroup>
  <ItemGroup>
    <ClCompile Include="stdafx.cpp">
      <Filter>源文件</Filter>
    </ClCompile>
    <ClCompile Include="dllmain.cpp">
      <Filter>源文件</Filter>
    </ClCompile>
    <ClCompile Include="src\secBox\zwSecretBoxAuth.c">
      <Filter>源文件\secBox</Filter>
    </ClCompile>
    <ClCompile Include="..\zwMiraclMiniCode\mraes.c">
      <Filter>源文件\zwMiraclMini</Filter>
    </ClCompile>
    <ClCompile Include="..\zwMiraclMiniCode\mralloc.c">
      <Filter>源文件\zwMiraclMini</Filter>
    </ClCompile>
    <ClCompile Include="..\zwMiraclMiniCode\mrarth0.c">
      <Filter>源文件\zwMiraclMini</Filter>
    </ClCompile>
    <ClCompile Include="..\zwMiraclMiniCode\mrarth1.c">
      <Filter>源文件\zwMiraclMini</Filter>
    </ClCompile>
    <ClCompile Include="..\zwMiraclMiniCode\mrarth2.c">
      <Filter>源文件\zwMiraclMini</Filter>
    </ClCompile>
    <ClCompile Include="..\zwMiraclMiniCode\mrarth3.c">
      <Filter>源文件\zwMiraclMini</Filter>
    </ClCompile>
    <ClCompile Include="..\zwMiraclMiniCode\mrbits.c">
      <Filter>源文件\zwMiraclMini</Filter>
    </ClCompile>
    <ClCompile Include="..\zwMiraclMiniCode\mrcore.c">
      <Filter>源文件\zwMiraclMini</Filter>
    </ClCompile>
    <ClCompile Include="..\zwMiraclMiniCode\mrcurve.c">
      <Filter>源文件\zwMiraclMini</Filter>
    </ClCompile>
    <ClCompile Include="..\zwMiraclMiniCode\mrjack.c">
      <Filter>源文件\zwMiraclMini</Filter>
    </ClCompile>
    <ClCompile Include="..\zwMiraclMiniCode\mrlucas.c">
      <Filter>源文件\zwMiraclMini</Filter>
    </ClCompile>
    <ClCompile Include="..\zwMiraclMiniCode\mrmonty.c">
      <Filter>源文件\zwMiraclMini</Filter>
    </ClCompile>
    <ClCompile Include="..\zwMiraclMiniCode\mrshs256.c">
      <Filter>源文件\zwMiraclMini</Filter>
    </ClCompile>
    <ClCompile Include="..\zwMiraclMiniCode\mrsroot.c">
      <Filter>源文件\zwMiraclMini</Filter>
    </ClCompile>
    <ClCompile Include="..\zwMiraclMiniCode\mrstrong.c">
      <Filter>源文件\zwMiraclMini</Filter>
    </ClCompile>
    <ClCompile Include="..\zwMiraclMiniCode\mrxgcd.c">
      <Filter>源文件\zwMiraclMini</Filter>
    </ClCompile>
    <ClCompile Include="..\zwAlgCommCode\sm3_1407.c">
      <Filter>源文件\hashalg</Filter>
    </ClCompile>
    <ClCompile Include="..\zw3rdLib\ecdh.c">
      <Filter>源文件\ECIES</Filter>
    </ClCompile>
    <ClCompile Include="..\zw3rdLib\octet.c">
      <Filter>源文件\ECIES</Filter>
    </ClCompile>
    <ClCompile Include="..\zwAlgCommCode\zwHtons.c">
      <Filter>源文件\secBox</Filter>
    </ClCompile>
    <ClCompile Include="..\zw3rdLib\cJSON.c">
      <Filter>源文件\Libs</Filter>
    </ClCompile>
    <ClCompile Include="..\zwAlgCommCode\zwEcies529.cpp">
      <Filter>源文件\ECIES</Filter>
    </ClCompile>
    <ClCompile Include="..\zwAlgCommCode\zwRand201406.cpp">
      <Filter>源文件\ECIES</Filter>
    </ClCompile>
    <ClCompile Include="..\zwAlgCommCode\zwTimerS1.cpp">
      <Filter>源文件\secBox</Filter>
    </ClCompile>
    <ClCompile Include="..\zwAlgCommCode\jclmsCCB2014AlgCore.cpp">
      <Filter>源文件</Filter>
    </ClCompile>
    <ClCompile Include="..\zwAlgCommCode\sm3hmac_1407.cpp">
      <Filter>源文件</Filter>
    </ClCompile>
    <ClCompile Include="..\zwAlgCommCode\dCodeIO.cpp">
      <Filter>源文件\dyCode</Filter>
    </ClCompile>
    <ClCompile Include="..\zw3rdLib\des.cpp">
      <Filter>源文件\Libs</Filter>
    </ClCompile>
    <ClCompile Include="..\zw3rdLib\adler32.c">
      <Filter>源文件\Libs</Filter>
    </ClCompile>
    <ClCompile Include="..\zw3rdLib\sha1.c">
      <Filter>源文件\Libs</Filter>
    </ClCompile>
    <ClCompile Include="..\zw3rdLib\sha2.c">
      <Filter>源文件\Libs</Filter>
    </ClCompile>
    <ClCompile Include="..\zw3rdLib\zwCCITTcrc16.c">
      <Filter>源文件\Libs</Filter>
    </ClCompile>
    <ClCompile Include="..\zw3rdLib\zwcrc32.c">
      <Filter>源文件\Libs</Filter>
    </ClCompile>
  </ItemGroup>
</Project>