<?xml version="1.0" encoding="utf-8"?>
<Project ToolsVersion="4.0" xmlns="http://schemas.microsoft.com/developer/msbuild/2003">
  <ItemGroup>
    <Filter Include="源文件">
      <UniqueIdentifier>{4FC737F1-C7A5-4376-A066-2A32D752A2FF}</UniqueIdentifier>
      <Extensions>cpp;c;cc;cxx;def;odl;idl;hpj;bat;asm;asmx</Extensions>
    </Filter>
    <Filter Include="头文件">
      <UniqueIdentifier>{93995380-89BD-4b04-88EB-625FBE52EBFB}</UniqueIdentifier>
      <Extensions>h;hpp;hxx;hm;inl;inc;xsd</Extensions>
    </Filter>
    <Filter Include="资源文件">
      <UniqueIdentifier>{67DA6AB6-F800-4c08-8B7A-83BB121AAD01}</UniqueIdentifier>
      <Extensions>rc;ico;cur;bmp;dlg;rc2;rct;bin;rgs;gif;jpg;jpeg;jpe;resx;tiff;tif;png;wav;mfcribbon-ms</Extensions>
    </Filter>
    <Filter Include="源文件\hashalg">
      <UniqueIdentifier>{88aef7c4-5779-4511-a1dc-c065a15ae8cc}</UniqueIdentifier>
    </Filter>
    <Filter Include="源文件\ECIES">
      <UniqueIdentifier>{08dad2fa-5f52-4ee9-90a7-1e3462674d96}</UniqueIdentifier>
    </Filter>
    <Filter Include="源文件\src">
      <UniqueIdentifier>{65922014-8a29-4f56-9c04-e25c270d9292}</UniqueIdentifier>
    </Filter>
    <Filter Include="源文件\dyCode">
      <UniqueIdentifier>{af4acb87-fe62-4287-a98d-65ed9b6e869d}</UniqueIdentifier>
    </Filter>
  </ItemGroup>
  <ItemGroup>
    <None Include="ReadMe.txt" />
  </ItemGroup>
  <ItemGroup>
    <ClInclude Include="stdafx.h">
      <Filter>头文件</Filter>
    </ClInclude>
    <ClInclude Include="targetver.h">
      <Filter>头文件</Filter>
    </ClInclude>
    <ClInclude Include="zwECIES\sm3.h">
      <Filter>源文件\hashalg</Filter>
    </ClInclude>
    <ClInclude Include="src\dCodeHdr.h">
      <Filter>源文件\dyCode</Filter>
    </ClInclude>
    <ClInclude Include="src\jclmsCCB2014.h">
      <Filter>头文件</Filter>
    </ClInclude>
  </ItemGroup>
  <ItemGroup>
    <ClCompile Include="stdafx.cpp">
      <Filter>源文件</Filter>
    </ClCompile>
    <ClCompile Include="dllmain.cpp">
      <Filter>源文件</Filter>
    </ClCompile>
    <ClCompile Include="jclmsccb_csharp_wrap.cxx">
      <Filter>源文件</Filter>
    </ClCompile>
    <ClCompile Include="zwECIES\sm3_1407.c">
      <Filter>源文件\hashalg</Filter>
    </ClCompile>
    <ClCompile Include="zwECIES\sm3hmac_1407.cpp">
      <Filter>源文件\hashalg</Filter>
    </ClCompile>
    <ClCompile Include="zwECIES\ecdh.c">
      <Filter>源文件\ECIES</Filter>
    </ClCompile>
    <ClCompile Include="zwECIES\octet.c">
      <Filter>源文件\ECIES</Filter>
    </ClCompile>
    <ClCompile Include="zwECIES\sha2.c">
      <Filter>源文件\ECIES</Filter>
    </ClCompile>
    <ClCompile Include="zwECIES\zwEcies529.cpp">
      <Filter>源文件\ECIES</Filter>
    </ClCompile>
    <ClCompile Include="zwECIES\zwRand201406.cpp">
      <Filter>源文件\ECIES</Filter>
    </ClCompile>
    <ClCompile Include="src\jclmsCCB2014.cpp">
      <Filter>源文件\dyCode</Filter>
    </ClCompile>
    <ClCompile Include="src\dCodeIO.cpp">
      <Filter>源文件\dyCode</Filter>
    </ClCompile>
    <ClCompile Include="src\crc32\zwcrc32.c">
      <Filter>源文件\hashalg</Filter>
    </ClCompile>
    <ClCompile Include="zwtest1202.cpp">
      <Filter>源文件\src</Filter>
    </ClCompile>
  </ItemGroup>
</Project>