<?xml version="1.0" encoding="utf-8"?>
<Project ToolsVersion="4.0" xmlns="http://schemas.microsoft.com/developer/msbuild/2003">
  <ItemGroup>
    <Filter Include="源文件">
      <UniqueIdentifier>{4FC737F1-C7A5-4376-A066-2A32D752A2FF}</UniqueIdentifier>
      <Extensions>cpp;c;cc;cxx;def;odl;idl;hpj;bat;asm;asmx</Extensions>
    </Filter>
    <Filter Include="头文件">
      <UniqueIdentifier>{93995380-89BD-4b04-88EB-625FBE52EBFB}</UniqueIdentifier>
      <Extensions>h;hpp;hxx;hm;inl;inc;xsd</Extensions>
    </Filter>
    <Filter Include="资源文件">
      <UniqueIdentifier>{67DA6AB6-F800-4c08-8B7A-83BB121AAD01}</UniqueIdentifier>
      <Extensions>rc;ico;cur;bmp;dlg;rc2;rct;bin;rgs;gif;jpg;jpeg;jpe;resx;tiff;tif;png;wav;mfcribbon-ms</Extensions>
    </Filter>
    <Filter Include="源文件\zwECIESCopy">
      <UniqueIdentifier>{7e9ab267-5d99-4774-9648-0e866c363655}</UniqueIdentifier>
    </Filter>
    <Filter Include="源文件\zwMiraclMini">
      <UniqueIdentifier>{7734eee7-6a62-4ffd-b8eb-ea7c2be900bd}</UniqueIdentifier>
    </Filter>
  </ItemGroup>
  <ItemGroup>
    <None Include="ReadMe.txt" />
  </ItemGroup>
  <ItemGroup>
    <ClCompile Include="zwECIES\ecdh.c">
      <Filter>源文件\zwECIESCopy</Filter>
    </ClCompile>
    <ClCompile Include="zwECIES\octet.c">
      <Filter>源文件\zwECIESCopy</Filter>
    </ClCompile>
    <ClCompile Include="zwECIES\sha2.c">
      <Filter>源文件\zwECIESCopy</Filter>
    </ClCompile>
    <ClCompile Include="zwECIES\sm3_1407.c">
      <Filter>源文件\zwECIESCopy</Filter>
    </ClCompile>
    <ClCompile Include="zwECIES\sm3hmac_1407.cpp">
      <Filter>源文件\zwECIESCopy</Filter>
    </ClCompile>
    <ClCompile Include="zwECIES\zwEcies529.cpp">
      <Filter>源文件\zwECIESCopy</Filter>
    </ClCompile>
    <ClCompile Include="zwECIES\zwRand201406.cpp">
      <Filter>源文件\zwECIESCopy</Filter>
    </ClCompile>
    <ClCompile Include="zwECIES\stm32Test2.cpp">
      <Filter>源文件</Filter>
    </ClCompile>
    <ClCompile Include="zwMiracl\mraes.c">
      <Filter>源文件\zwMiraclMini</Filter>
    </ClCompile>
    <ClCompile Include="zwMiracl\mrcore.c">
      <Filter>源文件\zwMiraclMini</Filter>
    </ClCompile>
    <ClCompile Include="zwMiracl\mralloc.c">
      <Filter>源文件\zwMiraclMini</Filter>
    </ClCompile>
    <ClCompile Include="zwMiracl\mrcurve.c">
      <Filter>源文件\zwMiraclMini</Filter>
    </ClCompile>
    <ClCompile Include="zwMiracl\mrshs256.c">
      <Filter>源文件\zwMiraclMini</Filter>
    </ClCompile>
    <ClCompile Include="zwMiracl\mrmonty.c">
      <Filter>源文件\zwMiraclMini</Filter>
    </ClCompile>
    <ClCompile Include="zwMiracl\mrstrong.c">
      <Filter>源文件\zwMiraclMini</Filter>
    </ClCompile>
    <ClCompile Include="zwMiracl\mrarth1.c">
      <Filter>源文件\zwMiraclMini</Filter>
    </ClCompile>
    <ClCompile Include="zwMiracl\mrarth0.c">
      <Filter>源文件\zwMiraclMini</Filter>
    </ClCompile>
    <ClCompile Include="zwMiracl\mrarth2.c">
      <Filter>源文件\zwMiraclMini</Filter>
    </ClCompile>
    <ClCompile Include="zwMiracl\mrxgcd.c">
      <Filter>源文件\zwMiraclMini</Filter>
    </ClCompile>
    <ClCompile Include="zwMiracl\mrsroot.c">
      <Filter>源文件\zwMiraclMini</Filter>
    </ClCompile>
    <ClCompile Include="zwMiracl\mrlucas.c">
      <Filter>源文件\zwMiraclMini</Filter>
    </ClCompile>
    <ClCompile Include="zwMiracl\mrbits.c">
      <Filter>源文件\zwMiraclMini</Filter>
    </ClCompile>
    <ClCompile Include="zwMiracl\mrjack.c">
      <Filter>源文件\zwMiraclMini</Filter>
    </ClCompile>
    <ClCompile Include="zwMiracl\mrarth3.c">
      <Filter>源文件\zwMiraclMini</Filter>
    </ClCompile>
  </ItemGroup>
</Project>